// !$*UTF8*$!
{
	archiveVersion = 1;
	classes = {
	};
	objectVersion = 48;
	objects = {

/* Begin PBXBuildFile section */
		3F0BF4AA1F83F0F50050B97D /* SettingsViewController.swift in Sources */ = {isa = PBXBuildFile; fileRef = 3F0BF4A91F83F0F50050B97D /* SettingsViewController.swift */; };
		3F0BF4AB1F83F3690050B97D /* FBSDKCoreKit.framework in Frameworks */ = {isa = PBXBuildFile; fileRef = 3F0BF4A81F83EF150050B97D /* FBSDKCoreKit.framework */; };
		3F0BF4AC1F83F36C0050B97D /* FBSDKLoginKit.framework in Frameworks */ = {isa = PBXBuildFile; fileRef = 3F0BF4A71F83EF040050B97D /* FBSDKLoginKit.framework */; };
		3F59CBCF1F8E9C6E00331B64 /* FacebookSDK in Resources */ = {isa = PBXBuildFile; fileRef = 3F59CBCE1F8E9C6D00331B64 /* FacebookSDK */; };
		3F5BD4C01F69BF2500818174 /* AppDelegate.swift in Sources */ = {isa = PBXBuildFile; fileRef = 3F5BD4BF1F69BF2500818174 /* AppDelegate.swift */; };
		3F5BD4C21F69BF2500818174 /* ViewController.swift in Sources */ = {isa = PBXBuildFile; fileRef = 3F5BD4C11F69BF2500818174 /* ViewController.swift */; };
		3F5BD4C51F69BF2500818174 /* Main.storyboard in Resources */ = {isa = PBXBuildFile; fileRef = 3F5BD4C31F69BF2500818174 /* Main.storyboard */; };
		3F5BD4C81F69BF2500818174 /* BBQApp.xcdatamodeld in Sources */ = {isa = PBXBuildFile; fileRef = 3F5BD4C61F69BF2500818174 /* BBQApp.xcdatamodeld */; };
		3F5BD4CA1F69BF2500818174 /* Assets.xcassets in Resources */ = {isa = PBXBuildFile; fileRef = 3F5BD4C91F69BF2500818174 /* Assets.xcassets */; };
		3F5BD4CD1F69BF2500818174 /* LaunchScreen.storyboard in Resources */ = {isa = PBXBuildFile; fileRef = 3F5BD4CB1F69BF2500818174 /* LaunchScreen.storyboard */; };
		3F691DE21F8E935A0032B496 /* SettingsIcon.png in Resources */ = {isa = PBXBuildFile; fileRef = 3F691DE11F8E935A0032B496 /* SettingsIcon.png */; };
/* End PBXBuildFile section */

/* Begin PBXFileReference section */
		3F0BF4A71F83EF040050B97D /* FBSDKLoginKit.framework */ = {isa = PBXFileReference; lastKnownFileType = wrapper.framework; path = FBSDKLoginKit.framework; sourceTree = "<group>"; };
		3F0BF4A81F83EF150050B97D /* FBSDKCoreKit.framework */ = {isa = PBXFileReference; lastKnownFileType = wrapper.framework; path = FBSDKCoreKit.framework; sourceTree = "<group>"; };
		3F0BF4A91F83F0F50050B97D /* SettingsViewController.swift */ = {isa = PBXFileReference; lastKnownFileType = sourcecode.swift; path = SettingsViewController.swift; sourceTree = "<group>"; };
		3F59CBCE1F8E9C6D00331B64 /* FacebookSDK */ = {isa = PBXFileReference; lastKnownFileType = folder; path = FacebookSDK; sourceTree = "<group>"; };
		3F5BD4BC1F69BF2400818174 /* BBQApp.app */ = {isa = PBXFileReference; explicitFileType = wrapper.application; includeInIndex = 0; path = BBQApp.app; sourceTree = BUILT_PRODUCTS_DIR; };
		3F5BD4BF1F69BF2500818174 /* AppDelegate.swift */ = {isa = PBXFileReference; lastKnownFileType = sourcecode.swift; path = AppDelegate.swift; sourceTree = "<group>"; };
		3F5BD4C11F69BF2500818174 /* ViewController.swift */ = {isa = PBXFileReference; lastKnownFileType = sourcecode.swift; path = ViewController.swift; sourceTree = "<group>"; };
		3F5BD4C41F69BF2500818174 /* Base */ = {isa = PBXFileReference; lastKnownFileType = file.storyboard; name = Base; path = Base.lproj/Main.storyboard; sourceTree = "<group>"; };
		3F5BD4C71F69BF2500818174 /* BBQApp.xcdatamodel */ = {isa = PBXFileReference; lastKnownFileType = wrapper.xcdatamodel; path = BBQApp.xcdatamodel; sourceTree = "<group>"; };
		3F5BD4C91F69BF2500818174 /* Assets.xcassets */ = {isa = PBXFileReference; lastKnownFileType = folder.assetcatalog; path = Assets.xcassets; sourceTree = "<group>"; };
		3F5BD4CC1F69BF2500818174 /* Base */ = {isa = PBXFileReference; lastKnownFileType = file.storyboard; name = Base; path = Base.lproj/LaunchScreen.storyboard; sourceTree = "<group>"; };
		3F5BD4CE1F69BF2500818174 /* Info.plist */ = {isa = PBXFileReference; lastKnownFileType = text.plist.xml; path = Info.plist; sourceTree = "<group>"; };
		3F691DE11F8E935A0032B496 /* SettingsIcon.png */ = {isa = PBXFileReference; lastKnownFileType = image.png; path = SettingsIcon.png; sourceTree = "<group>"; };
		3F691DE41F8E94410032B496 /* RecipesIcon.png */ = {isa = PBXFileReference; lastKnownFileType = image.png; path = RecipesIcon.png; sourceTree = "<group>"; };
		3F691DE61F8E94DC0032B496 /* MapIcon.png */ = {isa = PBXFileReference; lastKnownFileType = image.png; path = MapIcon.png; sourceTree = "<group>"; };
		3F691DE71F8E95830032B496 /* HistoryIcon.png */ = {isa = PBXFileReference; lastKnownFileType = image.png; path = HistoryIcon.png; sourceTree = "<group>"; };
/* End PBXFileReference section */

/* Begin PBXFrameworksBuildPhase section */
		3F5BD4B91F69BF2400818174 /* Frameworks */ = {
			isa = PBXFrameworksBuildPhase;
			buildActionMask = 2147483647;
			files = (
				3F0BF4AC1F83F36C0050B97D /* FBSDKLoginKit.framework in Frameworks */,
				3F0BF4AB1F83F3690050B97D /* FBSDKCoreKit.framework in Frameworks */,
			);
			runOnlyForDeploymentPostprocessing = 0;
		};
/* End PBXFrameworksBuildPhase section */

/* Begin PBXGroup section */
		3F5BD4B31F69BF2400818174 = {
			isa = PBXGroup;
			children = (
				3F59CBCE1F8E9C6D00331B64 /* FacebookSDK */,
				3F691DE31F8E93EB0032B496 /* Icons */,
				3F5BD4BE1F69BF2400818174 /* BBQApp */,
				3F5BD4BD1F69BF2400818174 /* Products */,
			);
			sourceTree = "<group>";
		};
		3F5BD4BD1F69BF2400818174 /* Products */ = {
			isa = PBXGroup;
			children = (
				3F5BD4BC1F69BF2400818174 /* BBQApp.app */,
			);
			name = Products;
			sourceTree = "<group>";
		};
		3F5BD4BE1F69BF2400818174 /* BBQApp */ = {
			isa = PBXGroup;
			children = (
				3F5BD4BF1F69BF2500818174 /* AppDelegate.swift */,
				3F5BD4C11F69BF2500818174 /* ViewController.swift */,
				3F5BD4C91F69BF2500818174 /* Assets.xcassets */,
				3F5BD4C31F69BF2500818174 /* Main.storyboard */,
				3F5BD4CB1F69BF2500818174 /* LaunchScreen.storyboard */,
				3F0BF4A91F83F0F50050B97D /* SettingsViewController.swift */,
				3F5BD4CE1F69BF2500818174 /* Info.plist */,
				3F5BD4C61F69BF2500818174 /* BBQApp.xcdatamodeld */,
				3F0BF4A81F83EF150050B97D /* FBSDKCoreKit.framework */,
				3F0BF4A71F83EF040050B97D /* FBSDKLoginKit.framework */,
			);
			path = BBQApp;
			sourceTree = "<group>";
		};
		3F691DE31F8E93EB0032B496 /* Icons */ = {
			isa = PBXGroup;
			children = (
				3F691DE11F8E935A0032B496 /* SettingsIcon.png */,
				3F691DE41F8E94410032B496 /* RecipesIcon.png */,
				3F691DE61F8E94DC0032B496 /* MapIcon.png */,
				3F691DE71F8E95830032B496 /* HistoryIcon.png */,
			);
			path = Icons;
			sourceTree = "<group>";
		};
/* End PBXGroup section */

/* Begin PBXNativeTarget section */
		3F5BD4BB1F69BF2400818174 /* BBQApp */ = {
			isa = PBXNativeTarget;
			buildConfigurationList = 3F5BD4D11F69BF2500818174 /* Build configuration list for PBXNativeTarget "BBQApp" */;
			buildPhases = (
				3F5BD4B81F69BF2400818174 /* Sources */,
				3F5BD4B91F69BF2400818174 /* Frameworks */,
				3F5BD4BA1F69BF2400818174 /* Resources */,
			);
			buildRules = (
			);
			dependencies = (
			);
			name = BBQApp;
			productName = BBQApp;
			productReference = 3F5BD4BC1F69BF2400818174 /* BBQApp.app */;
			productType = "com.apple.product-type.application";
		};
/* End PBXNativeTarget section */

/* Begin PBXProject section */
		3F5BD4B41F69BF2400818174 /* Project object */ = {
			isa = PBXProject;
			attributes = {
				LastSwiftUpdateCheck = 0900;
				LastUpgradeCheck = 0900;
				ORGANIZATIONNAME = "Jared Bruemmer";
				TargetAttributes = {
					3F5BD4BB1F69BF2400818174 = {
						CreatedOnToolsVersion = 9.0;
						ProvisioningStyle = Automatic;
					};
				};
			};
			buildConfigurationList = 3F5BD4B71F69BF2400818174 /* Build configuration list for PBXProject "BBQApp" */;
			compatibilityVersion = "Xcode 8.0";
			developmentRegion = en;
			hasScannedForEncodings = 0;
			knownRegions = (
				en,
				Base,
			);
			mainGroup = 3F5BD4B31F69BF2400818174;
			productRefGroup = 3F5BD4BD1F69BF2400818174 /* Products */;
			projectDirPath = "";
			projectRoot = "";
			targets = (
				3F5BD4BB1F69BF2400818174 /* BBQApp */,
			);
		};
/* End PBXProject section */

/* Begin PBXResourcesBuildPhase section */
		3F5BD4BA1F69BF2400818174 /* Resources */ = {
			isa = PBXResourcesBuildPhase;
			buildActionMask = 2147483647;
			files = (
				3F5BD4CD1F69BF2500818174 /* LaunchScreen.storyboard in Resources */,
				3F691DE21F8E935A0032B496 /* SettingsIcon.png in Resources */,
				3F5BD4CA1F69BF2500818174 /* Assets.xcassets in Resources */,
				3F59CBCF1F8E9C6E00331B64 /* FacebookSDK in Resources */,
				3F5BD4C51F69BF2500818174 /* Main.storyboard in Resources */,
			);
			runOnlyForDeploymentPostprocessing = 0;
		};
/* End PBXResourcesBuildPhase section */

/* Begin PBXSourcesBuildPhase section */
		3F5BD4B81F69BF2400818174 /* Sources */ = {
			isa = PBXSourcesBuildPhase;
			buildActionMask = 2147483647;
			files = (
				3F5BD4C81F69BF2500818174 /* BBQApp.xcdatamodeld in Sources */,
				3F5BD4C21F69BF2500818174 /* ViewController.swift in Sources */,
				3F5BD4C01F69BF2500818174 /* AppDelegate.swift in Sources */,
				3F0BF4AA1F83F0F50050B97D /* SettingsViewController.swift in Sources */,
			);
			runOnlyForDeploymentPostprocessing = 0;
		};
/* End PBXSourcesBuildPhase section */

/* Begin PBXVariantGroup section */
		3F5BD4C31F69BF2500818174 /* Main.storyboard */ = {
			isa = PBXVariantGroup;
			children = (
				3F5BD4C41F69BF2500818174 /* Base */,
			);
			name = Main.storyboard;
			sourceTree = "<group>";
		};
		3F5BD4CB1F69BF2500818174 /* LaunchScreen.storyboard */ = {
			isa = PBXVariantGroup;
			children = (
				3F5BD4CC1F69BF2500818174 /* Base */,
			);
			name = LaunchScreen.storyboard;
			sourceTree = "<group>";
		};
/* End PBXVariantGroup section */

/* Begin XCBuildConfiguration section */
		3F5BD4CF1F69BF2500818174 /* Debug */ = {
			isa = XCBuildConfiguration;
			buildSettings = {
				ALWAYS_SEARCH_USER_PATHS = NO;
				CLANG_ANALYZER_NONNULL = YES;
				CLANG_ANALYZER_NUMBER_OBJECT_CONVERSION = YES_AGGRESSIVE;
				CLANG_CXX_LANGUAGE_STANDARD = "gnu++14";
				CLANG_CXX_LIBRARY = "libc++";
				CLANG_ENABLE_MODULES = YES;
				CLANG_ENABLE_OBJC_ARC = YES;
				CLANG_WARN_BLOCK_CAPTURE_AUTORELEASING = YES;
				CLANG_WARN_BOOL_CONVERSION = YES;
				CLANG_WARN_COMMA = YES;
				CLANG_WARN_CONSTANT_CONVERSION = YES;
				CLANG_WARN_DIRECT_OBJC_ISA_USAGE = YES_ERROR;
				CLANG_WARN_DOCUMENTATION_COMMENTS = YES;
				CLANG_WARN_EMPTY_BODY = YES;
				CLANG_WARN_ENUM_CONVERSION = YES;
				CLANG_WARN_INFINITE_RECURSION = YES;
				CLANG_WARN_INT_CONVERSION = YES;
				CLANG_WARN_NON_LITERAL_NULL_CONVERSION = YES;
				CLANG_WARN_OBJC_LITERAL_CONVERSION = YES;
				CLANG_WARN_OBJC_ROOT_CLASS = YES_ERROR;
				CLANG_WARN_RANGE_LOOP_ANALYSIS = YES;
				CLANG_WARN_STRICT_PROTOTYPES = YES;
				CLANG_WARN_SUSPICIOUS_MOVE = YES;
				CLANG_WARN_UNGUARDED_AVAILABILITY = YES_AGGRESSIVE;
				CLANG_WARN_UNREACHABLE_CODE = YES;
				CLANG_WARN__DUPLICATE_METHOD_MATCH = YES;
				CODE_SIGN_IDENTITY = "iPhone Developer";
				COPY_PHASE_STRIP = NO;
				DEBUG_INFORMATION_FORMAT = dwarf;
				ENABLE_STRICT_OBJC_MSGSEND = YES;
				ENABLE_TESTABILITY = YES;
				GCC_C_LANGUAGE_STANDARD = gnu11;
				GCC_DYNAMIC_NO_PIC = NO;
				GCC_NO_COMMON_BLOCKS = YES;
				GCC_OPTIMIZATION_LEVEL = 0;
				GCC_PREPROCESSOR_DEFINITIONS = (
					"DEBUG=1",
					"$(inherited)",
				);
				GCC_WARN_64_TO_32_BIT_CONVERSION = YES;
				GCC_WARN_ABOUT_RETURN_TYPE = YES_ERROR;
				GCC_WARN_UNDECLARED_SELECTOR = YES;
				GCC_WARN_UNINITIALIZED_AUTOS = YES_AGGRESSIVE;
				GCC_WARN_UNUSED_FUNCTION = YES;
				GCC_WARN_UNUSED_VARIABLE = YES;
				IPHONEOS_DEPLOYMENT_TARGET = 11.0;
				MTL_ENABLE_DEBUG_INFO = YES;
				ONLY_ACTIVE_ARCH = YES;
				SDKROOT = iphoneos;
				SWIFT_ACTIVE_COMPILATION_CONDITIONS = DEBUG;
				SWIFT_OPTIMIZATION_LEVEL = "-Onone";
			};
			name = Debug;
		};
		3F5BD4D01F69BF2500818174 /* Release */ = {
			isa = XCBuildConfiguration;
			buildSettings = {
				ALWAYS_SEARCH_USER_PATHS = NO;
				CLANG_ANALYZER_NONNULL = YES;
				CLANG_ANALYZER_NUMBER_OBJECT_CONVERSION = YES_AGGRESSIVE;
				CLANG_CXX_LANGUAGE_STANDARD = "gnu++14";
				CLANG_CXX_LIBRARY = "libc++";
				CLANG_ENABLE_MODULES = YES;
				CLANG_ENABLE_OBJC_ARC = YES;
				CLANG_WARN_BLOCK_CAPTURE_AUTORELEASING = YES;
				CLANG_WARN_BOOL_CONVERSION = YES;
				CLANG_WARN_COMMA = YES;
				CLANG_WARN_CONSTANT_CONVERSION = YES;
				CLANG_WARN_DIRECT_OBJC_ISA_USAGE = YES_ERROR;
				CLANG_WARN_DOCUMENTATION_COMMENTS = YES;
				CLANG_WARN_EMPTY_BODY = YES;
				CLANG_WARN_ENUM_CONVERSION = YES;
				CLANG_WARN_INFINITE_RECURSION = YES;
				CLANG_WARN_INT_CONVERSION = YES;
				CLANG_WARN_NON_LITERAL_NULL_CONVERSION = YES;
				CLANG_WARN_OBJC_LITERAL_CONVERSION = YES;
				CLANG_WARN_OBJC_ROOT_CLASS = YES_ERROR;
				CLANG_WARN_RANGE_LOOP_ANALYSIS = YES;
				CLANG_WARN_STRICT_PROTOTYPES = YES;
				CLANG_WARN_SUSPICIOUS_MOVE = YES;
				CLANG_WARN_UNGUARDED_AVAILABILITY = YES_AGGRESSIVE;
				CLANG_WARN_UNREACHABLE_CODE = YES;
				CLANG_WARN__DUPLICATE_METHOD_MATCH = YES;
				CODE_SIGN_IDENTITY = "iPhone Developer";
				COPY_PHASE_STRIP = NO;
				DEBUG_INFORMATION_FORMAT = "dwarf-with-dsym";
				ENABLE_NS_ASSERTIONS = NO;
				ENABLE_STRICT_OBJC_MSGSEND = YES;
				GCC_C_LANGUAGE_STANDARD = gnu11;
				GCC_NO_COMMON_BLOCKS = YES;
				GCC_WARN_64_TO_32_BIT_CONVERSION = YES;
				GCC_WARN_ABOUT_RETURN_TYPE = YES_ERROR;
				GCC_WARN_UNDECLARED_SELECTOR = YES;
				GCC_WARN_UNINITIALIZED_AUTOS = YES_AGGRESSIVE;
				GCC_WARN_UNUSED_FUNCTION = YES;
				GCC_WARN_UNUSED_VARIABLE = YES;
				IPHONEOS_DEPLOYMENT_TARGET = 11.0;
				MTL_ENABLE_DEBUG_INFO = NO;
				SDKROOT = iphoneos;
				SWIFT_OPTIMIZATION_LEVEL = "-Owholemodule";
				VALIDATE_PRODUCT = YES;
			};
			name = Release;
		};
		3F5BD4D21F69BF2500818174 /* Debug */ = {
			isa = XCBuildConfiguration;
			buildSettings = {
				ASSETCATALOG_COMPILER_APPICON_NAME = AppIcon;
				CODE_SIGN_STYLE = Automatic;
				DEVELOPMENT_TEAM = 5MXBZ7WFSS;
				FRAMEWORK_SEARCH_PATHS = (
					"~/Documents/FacebookSDK",
					"$(PROJECT_DIR)/BBQApp",
				);
				INFOPLIST_FILE = BBQApp/Info.plist;
				LD_RUNPATH_SEARCH_PATHS = "$(inherited) @executable_path/Frameworks";
				PRODUCT_BUNDLE_IDENTIFIER = com.JaredBruemmer.BBQApp;
				PRODUCT_NAME = "$(TARGET_NAME)";
				SWIFT_VERSION = 4.0;
				TARGETED_DEVICE_FAMILY = "1,2";
			};
			name = Debug;
		};
		3F5BD4D31F69BF2500818174 /* Release */ = {
			isa = XCBuildConfiguration;
			buildSettings = {
				ASSETCATALOG_COMPILER_APPICON_NAME = AppIcon;
				CODE_SIGN_STYLE = Automatic;
				DEVELOPMENT_TEAM = 5MXBZ7WFSS;
				FRAMEWORK_SEARCH_PATHS = (
					"~/Documents/FacebookSDK",
					"$(PROJECT_DIR)/BBQApp",
				);
				INFOPLIST_FILE = BBQApp/Info.plist;
				LD_RUNPATH_SEARCH_PATHS = "$(inherited) @executable_path/Frameworks";
				PRODUCT_BUNDLE_IDENTIFIER = com.JaredBruemmer.BBQApp;
				PRODUCT_NAME = "$(TARGET_NAME)";
				SWIFT_VERSION = 4.0;
				TARGETED_DEVICE_FAMILY = "1,2";
			};
			name = Release;
		};
/* End XCBuildConfiguration section */

/* Begin XCConfigurationList section */
		3F5BD4B71F69BF2400818174 /* Build configuration list for PBXProject "BBQApp" */ = {
			isa = XCConfigurationList;
			buildConfigurations = (
				3F5BD4CF1F69BF2500818174 /* Debug */,
				3F5BD4D01F69BF2500818174 /* Release */,
			);
			defaultConfigurationIsVisible = 0;
			defaultConfigurationName = Release;
		};
		3F5BD4D11F69BF2500818174 /* Build configuration list for PBXNativeTarget "BBQApp" */ = {
			isa = XCConfigurationList;
			buildConfigurations = (
				3F5BD4D21F69BF2500818174 /* Debug */,
				3F5BD4D31F69BF2500818174 /* Release */,
			);
			defaultConfigurationIsVisible = 0;
			defaultConfigurationName = Release;
		};
/* End XCConfigurationList section */

/* Begin XCVersionGroup section */
		3F5BD4C61F69BF2500818174 /* BBQApp.xcdatamodeld */ = {
			isa = XCVersionGroup;
			children = (
				3F5BD4C71F69BF2500818174 /* BBQApp.xcdatamodel */,
			);
			currentVersion = 3F5BD4C71F69BF2500818174 /* BBQApp.xcdatamodel */;
			path = BBQApp.xcdatamodeld;
			sourceTree = "<group>";
			versionGroupType = wrapper.xcdatamodel;
		};
/* End XCVersionGroup section */
	};
	rootObject = 3F5BD4B41F69BF2400818174 /* Project object */;
}
